
Microsoft Visual Studio Solution File, Format Version 12.00
# Visual Studio Version 16
VisualStudioVersion = 16.0.29409.12
MinimumVisualStudioVersion = 10.0.40219.1
Project("{FAE04EC0-301F-11D3-BF4B-00C04F79EFBC}") = "Excellent Result", "Excellent Result\Excellent Result.csproj", "{DFB1E0B6-63FE-4276-A9B3-6DABD64309C3}"
EndProject
Project("{FAE04EC0-301F-11D3-BF4B-00C04F79EFBC}") = "Greater Number", "Greater Number\Greater Number.csproj", "{E7A31D55-6BD6-44B1-A086-5763D2F017B9}"
EndProject
Project("{FAE04EC0-301F-11D3-BF4B-00C04F79EFBC}") = "Even or Odd", "Even or Odd\Even or Odd.csproj", "{E576ED72-7549-4D01-968E-58FA9EF5E11F}"
EndProject
Project("{FAE04EC0-301F-11D3-BF4B-00C04F79EFBC}") = "Number 1-9 to Text", "Number 1-9 to Text\Number 1-9 to Text.csproj", "{C543DC33-E827-4A08-8B9D-F3FEAFEC9E51}"
EndProject
Project("{FAE04EC0-301F-11D3-BF4B-00C04F79EFBC}") = "Number 100-200", "Number 100-200\Number 100-200.csproj", "{CD526CCC-3531-4042-BE1C-AC1B6922E025}"
EndProject
Project("{FAE04EC0-301F-11D3-BF4B-00C04F79EFBC}") = "Password Guess", "Password Guess\Password Guess.csproj", "{CAE8D98B-95F0-4B24-A58B-18538225AE87}"
EndProject
Project("{FAE04EC0-301F-11D3-BF4B-00C04F79EFBC}") = "Area of Figures", "Area of Figures\Area of Figures.csproj", "{0E3EEF74-15B0-479D-9DA4-686FEF9E5B6F}"
EndProject
Project("{FAE04EC0-301F-11D3-BF4B-00C04F79EFBC}") = "Toy Shop", "Toy Shop\Toy Shop.csproj", "{26B229B7-0E9E-4C2C-B845-903968F445AD}"
EndProject
Global
	GlobalSection(SolutionConfigurationPlatforms) = preSolution
		Debug|Any CPU = Debug|Any CPU
		Release|Any CPU = Release|Any CPU
	EndGlobalSection
	GlobalSection(ProjectConfigurationPlatforms) = postSolution
		{DFB1E0B6-63FE-4276-A9B3-6DABD64309C3}.Debug|Any CPU.ActiveCfg = Debug|Any CPU
		{DFB1E0B6-63FE-4276-A9B3-6DABD64309C3}.Debug|Any CPU.Build.0 = Debug|Any CPU
		{DFB1E0B6-63FE-4276-A9B3-6DABD64309C3}.Release|Any CPU.ActiveCfg = Release|Any CPU
		{DFB1E0B6-63FE-4276-A9B3-6DABD64309C3}.Release|Any CPU.Build.0 = Release|Any CPU
		{E7A31D55-6BD6-44B1-A086-5763D2F017B9}.Debug|Any CPU.ActiveCfg = Debug|Any CPU
		{E7A31D55-6BD6-44B1-A086-5763D2F017B9}.Debug|Any CPU.Build.0 = Debug|Any CPU
		{E7A31D55-6BD6-44B1-A086-5763D2F017B9}.Release|Any CPU.ActiveCfg = Release|Any CPU
		{E7A31D55-6BD6-44B1-A086-5763D2F017B9}.Release|Any CPU.Build.0 = Release|Any CPU
		{E576ED72-7549-4D01-968E-58FA9EF5E11F}.Debug|Any CPU.ActiveCfg = Debug|Any CPU
		{E576ED72-7549-4D01-968E-58FA9EF5E11F}.Debug|Any CPU.Build.0 = Debug|Any CPU
		{E576ED72-7549-4D01-968E-58FA9EF5E11F}.Release|Any CPU.ActiveCfg = Release|Any CPU
		{E576ED72-7549-4D01-968E-58FA9EF5E11F}.Release|Any CPU.Build.0 = Release|Any CPU
		{C543DC33-E827-4A08-8B9D-F3FEAFEC9E51}.Debug|Any CPU.ActiveCfg = Debug|Any CPU
		{C543DC33-E827-4A08-8B9D-F3FEAFEC9E51}.Debug|Any CPU.Build.0 = Debug|Any CPU
		{C543DC33-E827-4A08-8B9D-F3FEAFEC9E51}.Release|Any CPU.ActiveCfg = Release|Any CPU
		{C543DC33-E827-4A08-8B9D-F3FEAFEC9E51}.Release|Any CPU.Build.0 = Release|Any CPU
		{CD526CCC-3531-4042-BE1C-AC1B6922E025}.Debug|Any CPU.ActiveCfg = Debug|Any CPU
		{CD526CCC-3531-4042-BE1C-AC1B6922E025}.Debug|Any CPU.Build.0 = Debug|Any CPU
		{CD526CCC-3531-4042-BE1C-AC1B6922E025}.Release|Any CPU.ActiveCfg = Release|Any CPU
		{CD526CCC-3531-4042-BE1C-AC1B6922E025}.Release|Any CPU.Build.0 = Release|Any CPU
		{CAE8D98B-95F0-4B24-A58B-18538225AE87}.Debug|Any CPU.ActiveCfg = Debug|Any CPU
		{CAE8D98B-95F0-4B24-A58B-18538225AE87}.Debug|Any CPU.Build.0 = Debug|Any CPU
		{CAE8D98B-95F0-4B24-A58B-18538225AE87}.Release|Any CPU.ActiveCfg = Release|Any CPU
		{CAE8D98B-95F0-4B24-A58B-18538225AE87}.Release|Any CPU.Build.0 = Release|Any CPU
		{0E3EEF74-15B0-479D-9DA4-686FEF9E5B6F}.Debug|Any CPU.ActiveCfg = Debug|Any CPU
		{0E3EEF74-15B0-479D-9DA4-686FEF9E5B6F}.Debug|Any CPU.Build.0 = Debug|Any CPU
		{0E3EEF74-15B0-479D-9DA4-686FEF9E5B6F}.Release|Any CPU.ActiveCfg = Release|Any CPU
		{0E3EEF74-15B0-479D-9DA4-686FEF9E5B6F}.Release|Any CPU.Build.0 = Release|Any CPU
		{26B229B7-0E9E-4C2C-B845-903968F445AD}.Debug|Any CPU.ActiveCfg = Debug|Any CPU
		{26B229B7-0E9E-4C2C-B845-903968F445AD}.Debug|Any CPU.Build.0 = Debug|Any CPU
		{26B229B7-0E9E-4C2C-B845-903968F445AD}.Release|Any CPU.ActiveCfg = Release|Any CPU
		{26B229B7-0E9E-4C2C-B845-903968F445AD}.Release|Any CPU.Build.0 = Release|Any CPU
	EndGlobalSection
	GlobalSection(SolutionProperties) = preSolution
		HideSolutionNode = FALSE
	EndGlobalSection
	GlobalSection(ExtensibilityGlobals) = postSolution
		SolutionGuid = {E6F490D3-BEBD-4E92-A9FB-D0FB98F938E7}
	EndGlobalSection
EndGlobal
