
Microsoft Visual Studio Solution File, Format Version 12.00
# Visual Studio Version 16
VisualStudioVersion = 16.0.29503.13
MinimumVisualStudioVersion = 10.0.40219.1
Project("{9A19103F-16F7-4668-BE54-9A1E7A4F7556}") = "1. Calculate Rectangle Area", "1. Sign of Integer Numbers\1. Calculate Rectangle Area.csproj", "{857BFA6F-E273-4FD7-903F-074C2316C9EE}"
EndProject
Global
	GlobalSection(SolutionConfigurationPlatforms) = preSolution
		Debug|Any CPU = Debug|Any CPU
		Release|Any CPU = Release|Any CPU
	EndGlobalSection
	GlobalSection(ProjectConfigurationPlatforms) = postSolution
		{857BFA6F-E273-4FD7-903F-074C2316C9EE}.Debug|Any CPU.ActiveCfg = Debug|Any CPU
		{857BFA6F-E273-4FD7-903F-074C2316C9EE}.Debug|Any CPU.Build.0 = Debug|Any CPU
		{857BFA6F-E273-4FD7-903F-074C2316C9EE}.Release|Any CPU.ActiveCfg = Release|Any CPU
		{857BFA6F-E273-4FD7-903F-074C2316C9EE}.Release|Any CPU.Build.0 = Release|Any CPU
	EndGlobalSection
	GlobalSection(SolutionProperties) = preSolution
		HideSolutionNode = FALSE
	EndGlobalSection
	GlobalSection(ExtensibilityGlobals) = postSolution
		SolutionGuid = {3D1B79FF-3619-4039-B5F9-507127B833AB}
	EndGlobalSection
EndGlobal
