
Microsoft Visual Studio Solution File, Format Version 12.00
# Visual Studio Version 16
VisualStudioVersion = 16.0.29806.167
MinimumVisualStudioVersion = 10.0.40219.1
Project("{FAE04EC0-301F-11D3-BF4B-00C04F79EFBC}") = "Username", "Username\Username.csproj", "{85616B16-F49D-4316-9963-A9753A121535}"
EndProject
Project("{FAE04EC0-301F-11D3-BF4B-00C04F79EFBC}") = "Password", "Password\Password.csproj", "{A6D7FDD6-2D9E-453E-819D-B314D9C3FAA3}"
EndProject
Project("{FAE04EC0-301F-11D3-BF4B-00C04F79EFBC}") = "Followers", "Followers\Followers.csproj", "{6B0EE3E8-7BDF-4449-8EA8-D6A4840BEF75}"
EndProject
Global
	GlobalSection(SolutionConfigurationPlatforms) = preSolution
		Debug|Any CPU = Debug|Any CPU
		Release|Any CPU = Release|Any CPU
	EndGlobalSection
	GlobalSection(ProjectConfigurationPlatforms) = postSolution
		{85616B16-F49D-4316-9963-A9753A121535}.Debug|Any CPU.ActiveCfg = Debug|Any CPU
		{85616B16-F49D-4316-9963-A9753A121535}.Debug|Any CPU.Build.0 = Debug|Any CPU
		{85616B16-F49D-4316-9963-A9753A121535}.Release|Any CPU.ActiveCfg = Release|Any CPU
		{85616B16-F49D-4316-9963-A9753A121535}.Release|Any CPU.Build.0 = Release|Any CPU
		{A6D7FDD6-2D9E-453E-819D-B314D9C3FAA3}.Debug|Any CPU.ActiveCfg = Debug|Any CPU
		{A6D7FDD6-2D9E-453E-819D-B314D9C3FAA3}.Debug|Any CPU.Build.0 = Debug|Any CPU
		{A6D7FDD6-2D9E-453E-819D-B314D9C3FAA3}.Release|Any CPU.ActiveCfg = Release|Any CPU
		{A6D7FDD6-2D9E-453E-819D-B314D9C3FAA3}.Release|Any CPU.Build.0 = Release|Any CPU
		{6B0EE3E8-7BDF-4449-8EA8-D6A4840BEF75}.Debug|Any CPU.ActiveCfg = Debug|Any CPU
		{6B0EE3E8-7BDF-4449-8EA8-D6A4840BEF75}.Debug|Any CPU.Build.0 = Debug|Any CPU
		{6B0EE3E8-7BDF-4449-8EA8-D6A4840BEF75}.Release|Any CPU.ActiveCfg = Release|Any CPU
		{6B0EE3E8-7BDF-4449-8EA8-D6A4840BEF75}.Release|Any CPU.Build.0 = Release|Any CPU
	EndGlobalSection
	GlobalSection(SolutionProperties) = preSolution
		HideSolutionNode = FALSE
	EndGlobalSection
	GlobalSection(ExtensibilityGlobals) = postSolution
		SolutionGuid = {76EE4EE4-F8B4-4A1C-B4B9-4F1658650922}
	EndGlobalSection
EndGlobal
