
Microsoft Visual Studio Solution File, Format Version 12.00
# Visual Studio Version 16
VisualStudioVersion = 16.0.29806.167
MinimumVisualStudioVersion = 10.0.40219.1
Project("{9A19103F-16F7-4668-BE54-9A1E7A4F7556}") = "01. Company Roster", "01. Company Roster\01. Company Roster.csproj", "{83ED06BE-4728-4EAA-9318-A137E27B3A9E}"
EndProject
Project("{FAE04EC0-301F-11D3-BF4B-00C04F79EFBC}") = "2. Oldest Family Member", "2. Oldest Family Member\2. Oldest Family Member.csproj", "{6CDB3140-AB65-44CF-AA97-3D0FFA382BA5}"
EndProject
Project("{FAE04EC0-301F-11D3-BF4B-00C04F79EFBC}") = "3. Speed Racing", "3. Speed Racing\3. Speed Racing.csproj", "{EAC2309B-439E-4EB8-B840-2A70698D43A6}"
EndProject
Global
	GlobalSection(SolutionConfigurationPlatforms) = preSolution
		Debug|Any CPU = Debug|Any CPU
		Release|Any CPU = Release|Any CPU
	EndGlobalSection
	GlobalSection(ProjectConfigurationPlatforms) = postSolution
		{83ED06BE-4728-4EAA-9318-A137E27B3A9E}.Debug|Any CPU.ActiveCfg = Debug|Any CPU
		{83ED06BE-4728-4EAA-9318-A137E27B3A9E}.Debug|Any CPU.Build.0 = Debug|Any CPU
		{83ED06BE-4728-4EAA-9318-A137E27B3A9E}.Release|Any CPU.ActiveCfg = Release|Any CPU
		{83ED06BE-4728-4EAA-9318-A137E27B3A9E}.Release|Any CPU.Build.0 = Release|Any CPU
		{6CDB3140-AB65-44CF-AA97-3D0FFA382BA5}.Debug|Any CPU.ActiveCfg = Debug|Any CPU
		{6CDB3140-AB65-44CF-AA97-3D0FFA382BA5}.Debug|Any CPU.Build.0 = Debug|Any CPU
		{6CDB3140-AB65-44CF-AA97-3D0FFA382BA5}.Release|Any CPU.ActiveCfg = Release|Any CPU
		{6CDB3140-AB65-44CF-AA97-3D0FFA382BA5}.Release|Any CPU.Build.0 = Release|Any CPU
		{EAC2309B-439E-4EB8-B840-2A70698D43A6}.Debug|Any CPU.ActiveCfg = Debug|Any CPU
		{EAC2309B-439E-4EB8-B840-2A70698D43A6}.Debug|Any CPU.Build.0 = Debug|Any CPU
		{EAC2309B-439E-4EB8-B840-2A70698D43A6}.Release|Any CPU.ActiveCfg = Release|Any CPU
		{EAC2309B-439E-4EB8-B840-2A70698D43A6}.Release|Any CPU.Build.0 = Release|Any CPU
	EndGlobalSection
	GlobalSection(SolutionProperties) = preSolution
		HideSolutionNode = FALSE
	EndGlobalSection
	GlobalSection(ExtensibilityGlobals) = postSolution
		SolutionGuid = {0D88A6D6-E9AE-4385-B3D3-B8A42E4ED2E5}
	EndGlobalSection
EndGlobal
