
Microsoft Visual Studio Solution File, Format Version 12.00
# Visual Studio Version 16
VisualStudioVersion = 16.0.29503.13
MinimumVisualStudioVersion = 10.0.40219.1
Project("{FAE04EC0-301F-11D3-BF4B-00C04F79EFBC}") = "Savings", "Savings\Savings.csproj", "{FB756B56-C1AF-4E33-A7BF-8850AFCC37B5}"
EndProject
Project("{FAE04EC0-301F-11D3-BF4B-00C04F79EFBC}") = "Summer Shopping", "Summer Shopping\Summer Shopping.csproj", "{43C60626-FC6D-4C78-A252-538D6A980B93}"
EndProject
Project("{FAE04EC0-301F-11D3-BF4B-00C04F79EFBC}") = "Cruise Ship", "Cruise Ship\Cruise Ship.csproj", "{E6004986-5B57-4812-AED5-ED54AFA30320}"
EndProject
Global
	GlobalSection(SolutionConfigurationPlatforms) = preSolution
		Debug|Any CPU = Debug|Any CPU
		Release|Any CPU = Release|Any CPU
	EndGlobalSection
	GlobalSection(ProjectConfigurationPlatforms) = postSolution
		{FB756B56-C1AF-4E33-A7BF-8850AFCC37B5}.Debug|Any CPU.ActiveCfg = Debug|Any CPU
		{FB756B56-C1AF-4E33-A7BF-8850AFCC37B5}.Debug|Any CPU.Build.0 = Debug|Any CPU
		{FB756B56-C1AF-4E33-A7BF-8850AFCC37B5}.Release|Any CPU.ActiveCfg = Release|Any CPU
		{FB756B56-C1AF-4E33-A7BF-8850AFCC37B5}.Release|Any CPU.Build.0 = Release|Any CPU
		{43C60626-FC6D-4C78-A252-538D6A980B93}.Debug|Any CPU.ActiveCfg = Debug|Any CPU
		{43C60626-FC6D-4C78-A252-538D6A980B93}.Debug|Any CPU.Build.0 = Debug|Any CPU
		{43C60626-FC6D-4C78-A252-538D6A980B93}.Release|Any CPU.ActiveCfg = Release|Any CPU
		{43C60626-FC6D-4C78-A252-538D6A980B93}.Release|Any CPU.Build.0 = Release|Any CPU
		{E6004986-5B57-4812-AED5-ED54AFA30320}.Debug|Any CPU.ActiveCfg = Debug|Any CPU
		{E6004986-5B57-4812-AED5-ED54AFA30320}.Debug|Any CPU.Build.0 = Debug|Any CPU
		{E6004986-5B57-4812-AED5-ED54AFA30320}.Release|Any CPU.ActiveCfg = Release|Any CPU
		{E6004986-5B57-4812-AED5-ED54AFA30320}.Release|Any CPU.Build.0 = Release|Any CPU
	EndGlobalSection
	GlobalSection(SolutionProperties) = preSolution
		HideSolutionNode = FALSE
	EndGlobalSection
	GlobalSection(ExtensibilityGlobals) = postSolution
		SolutionGuid = {56A514AC-9D33-4E46-A186-3EEFAF4CF275}
	EndGlobalSection
EndGlobal
