
Microsoft Visual Studio Solution File, Format Version 12.00
# Visual Studio Version 16
VisualStudioVersion = 16.0.29728.190
MinimumVisualStudioVersion = 10.0.40219.1
Project("{FAE04EC0-301F-11D3-BF4B-00C04F79EFBC}") = "1. Gift Box Coverage", "1. Gift Box Coverage\1. Gift Box Coverage.csproj", "{90268534-F880-4730-A5BE-99481A0D1CA3}"
EndProject
Project("{FAE04EC0-301F-11D3-BF4B-00C04F79EFBC}") = "2. Tasks Planner", "2. Tasks Planner\2. Tasks Planner.csproj", "{ECFB4A81-0C24-4214-8478-249343311B6B}"
EndProject
Global
	GlobalSection(SolutionConfigurationPlatforms) = preSolution
		Debug|Any CPU = Debug|Any CPU
		Release|Any CPU = Release|Any CPU
	EndGlobalSection
	GlobalSection(ProjectConfigurationPlatforms) = postSolution
		{90268534-F880-4730-A5BE-99481A0D1CA3}.Debug|Any CPU.ActiveCfg = Debug|Any CPU
		{90268534-F880-4730-A5BE-99481A0D1CA3}.Debug|Any CPU.Build.0 = Debug|Any CPU
		{90268534-F880-4730-A5BE-99481A0D1CA3}.Release|Any CPU.ActiveCfg = Release|Any CPU
		{90268534-F880-4730-A5BE-99481A0D1CA3}.Release|Any CPU.Build.0 = Release|Any CPU
		{ECFB4A81-0C24-4214-8478-249343311B6B}.Debug|Any CPU.ActiveCfg = Debug|Any CPU
		{ECFB4A81-0C24-4214-8478-249343311B6B}.Debug|Any CPU.Build.0 = Debug|Any CPU
		{ECFB4A81-0C24-4214-8478-249343311B6B}.Release|Any CPU.ActiveCfg = Release|Any CPU
		{ECFB4A81-0C24-4214-8478-249343311B6B}.Release|Any CPU.Build.0 = Release|Any CPU
	EndGlobalSection
	GlobalSection(SolutionProperties) = preSolution
		HideSolutionNode = FALSE
	EndGlobalSection
	GlobalSection(ExtensibilityGlobals) = postSolution
		SolutionGuid = {3FF973C0-4FC1-45E8-8B1A-B55E8D8ACD64}
	EndGlobalSection
EndGlobal
